
Microsoft Visual Studio Solution File, Format Version 12.00
# Visual Studio Version 17
VisualStudioVersion = 17.9.34728.123
MinimumVisualStudioVersion = 10.0.40219.1
Project("{FAE04EC0-301F-11D3-BF4B-00C04F79EFBC}") = "Lab1_Kharchenko", "Lab1_Kharchenko.csproj", "{BFBF5462-A355-4A6B-8E20-C451438C3291}"
EndProject
Project("{FAE04EC0-301F-11D3-BF4B-00C04F79EFBC}") = "ComServer", "..\Lab2_Kharchenko\ComServer\ComServer\ComServer.csproj", "{E4D6A8A1-75E8-41FC-9DF7-229D8449BBDA}"
EndProject
Project("{8BC9CEB8-8B4A-11D0-8D11-00A0C91BC942}") = "ComClient", "..\ComClient\ComClient.vcxproj", "{2EBC9D5A-7C60-49B1-8B6E-77826040B254}"
EndProject
Project("{2150E333-8FDC-42A3-9474-1A3956D46DE8}") = "Lab2", "Lab2", "{89D1978B-C159-4FB1-A2B5-A2D32B204FE7}"
EndProject
Project("{2150E333-8FDC-42A3-9474-1A3956D46DE8}") = "Lab1", "Lab1", "{2A59A42C-E3C4-4571-9EC7-5D6F76BBBC26}"
EndProject
Project("{FAE04EC0-301F-11D3-BF4B-00C04F79EFBC}") = "Lab4", "..\Lab4\Lab4.csproj", "{0463C1CE-6160-4F45-9A16-219C3C9C1566}"
EndProject
Project("{2150E333-8FDC-42A3-9474-1A3956D46DE8}") = "lab4folder", "lab4folder", "{B5E545E0-B9F5-4258-B629-65773A5C7728}"
EndProject
Project("{2150E333-8FDC-42A3-9474-1A3956D46DE8}") = "lab3", "lab3", "{6C98E39D-9330-491A-B61E-9BD470F5672A}"
EndProject
Project("{8BC9CEB8-8B4A-11D0-8D11-00A0C91BC942}") = "ComServer", "..\ComServer\ComServer.vcxproj", "{C1387C26-4632-4616-A659-25B99EAF5C25}"
EndProject
Project("{8BC9CEB8-8B4A-11D0-8D11-00A0C91BC942}") = "ComServerPS", "..\ComServer\ComServerPS\ComServerPS.vcxproj", "{BD59ED64-1D15-4B34-957E-B005DECF84AD}"
	ProjectSection(ProjectDependencies) = postProject
		{C1387C26-4632-4616-A659-25B99EAF5C25} = {C1387C26-4632-4616-A659-25B99EAF5C25}
	EndProjectSection
EndProject
Project("{FAE04EC0-301F-11D3-BF4B-00C04F79EFBC}") = "ComClientC#", "..\ComClientC#\ComClientC#.csproj", "{B9D36826-DFB4-4A80-ADF1-9183B48CB295}"
EndProject
Project("{2150E333-8FDC-42A3-9474-1A3956D46DE8}") = "Lab5", "Lab5", "{17DE5261-AEE9-4F02-A598-972828D87851}"
EndProject
Project("{FAE04EC0-301F-11D3-BF4B-00C04F79EFBC}") = "lab5", "..\lab5\lab5.csproj", "{22997C43-034F-4FFD-A24B-2CB62DD818DC}"
EndProject
Global
	GlobalSection(SolutionConfigurationPlatforms) = preSolution
		Debug|Any CPU = Debug|Any CPU
		Debug|x64 = Debug|x64
		Debug|x86 = Debug|x86
		Release|Any CPU = Release|Any CPU
		Release|x64 = Release|x64
		Release|x86 = Release|x86
	EndGlobalSection
	GlobalSection(ProjectConfigurationPlatforms) = postSolution
		{BFBF5462-A355-4A6B-8E20-C451438C3291}.Debug|Any CPU.ActiveCfg = Debug|Any CPU
		{BFBF5462-A355-4A6B-8E20-C451438C3291}.Debug|Any CPU.Build.0 = Debug|Any CPU
		{BFBF5462-A355-4A6B-8E20-C451438C3291}.Debug|x64.ActiveCfg = Debug|Any CPU
		{BFBF5462-A355-4A6B-8E20-C451438C3291}.Debug|x64.Build.0 = Debug|Any CPU
		{BFBF5462-A355-4A6B-8E20-C451438C3291}.Debug|x86.ActiveCfg = Debug|Any CPU
		{BFBF5462-A355-4A6B-8E20-C451438C3291}.Debug|x86.Build.0 = Debug|Any CPU
		{BFBF5462-A355-4A6B-8E20-C451438C3291}.Release|Any CPU.ActiveCfg = Release|Any CPU
		{BFBF5462-A355-4A6B-8E20-C451438C3291}.Release|Any CPU.Build.0 = Release|Any CPU
		{BFBF5462-A355-4A6B-8E20-C451438C3291}.Release|x64.ActiveCfg = Release|Any CPU
		{BFBF5462-A355-4A6B-8E20-C451438C3291}.Release|x64.Build.0 = Release|Any CPU
		{BFBF5462-A355-4A6B-8E20-C451438C3291}.Release|x86.ActiveCfg = Release|Any CPU
		{BFBF5462-A355-4A6B-8E20-C451438C3291}.Release|x86.Build.0 = Release|Any CPU
		{E4D6A8A1-75E8-41FC-9DF7-229D8449BBDA}.Debug|Any CPU.ActiveCfg = Debug|Any CPU
		{E4D6A8A1-75E8-41FC-9DF7-229D8449BBDA}.Debug|Any CPU.Build.0 = Debug|Any CPU
		{E4D6A8A1-75E8-41FC-9DF7-229D8449BBDA}.Debug|x64.ActiveCfg = Debug|Any CPU
		{E4D6A8A1-75E8-41FC-9DF7-229D8449BBDA}.Debug|x64.Build.0 = Debug|Any CPU
		{E4D6A8A1-75E8-41FC-9DF7-229D8449BBDA}.Debug|x86.ActiveCfg = Debug|Any CPU
		{E4D6A8A1-75E8-41FC-9DF7-229D8449BBDA}.Debug|x86.Build.0 = Debug|Any CPU
		{E4D6A8A1-75E8-41FC-9DF7-229D8449BBDA}.Release|Any CPU.ActiveCfg = Release|Any CPU
		{E4D6A8A1-75E8-41FC-9DF7-229D8449BBDA}.Release|Any CPU.Build.0 = Release|Any CPU
		{E4D6A8A1-75E8-41FC-9DF7-229D8449BBDA}.Release|x64.ActiveCfg = Release|Any CPU
		{E4D6A8A1-75E8-41FC-9DF7-229D8449BBDA}.Release|x64.Build.0 = Release|Any CPU
		{E4D6A8A1-75E8-41FC-9DF7-229D8449BBDA}.Release|x86.ActiveCfg = Release|Any CPU
		{E4D6A8A1-75E8-41FC-9DF7-229D8449BBDA}.Release|x86.Build.0 = Release|Any CPU
		{2EBC9D5A-7C60-49B1-8B6E-77826040B254}.Debug|Any CPU.ActiveCfg = Debug|x64
		{2EBC9D5A-7C60-49B1-8B6E-77826040B254}.Debug|Any CPU.Build.0 = Debug|x64
		{2EBC9D5A-7C60-49B1-8B6E-77826040B254}.Debug|x64.ActiveCfg = Debug|x64
		{2EBC9D5A-7C60-49B1-8B6E-77826040B254}.Debug|x64.Build.0 = Debug|x64
		{2EBC9D5A-7C60-49B1-8B6E-77826040B254}.Debug|x86.ActiveCfg = Debug|Win32
		{2EBC9D5A-7C60-49B1-8B6E-77826040B254}.Debug|x86.Build.0 = Debug|Win32
		{2EBC9D5A-7C60-49B1-8B6E-77826040B254}.Release|Any CPU.ActiveCfg = Release|x64
		{2EBC9D5A-7C60-49B1-8B6E-77826040B254}.Release|Any CPU.Build.0 = Release|x64
		{2EBC9D5A-7C60-49B1-8B6E-77826040B254}.Release|x64.ActiveCfg = Release|x64
		{2EBC9D5A-7C60-49B1-8B6E-77826040B254}.Release|x64.Build.0 = Release|x64
		{2EBC9D5A-7C60-49B1-8B6E-77826040B254}.Release|x86.ActiveCfg = Release|Win32
		{2EBC9D5A-7C60-49B1-8B6E-77826040B254}.Release|x86.Build.0 = Release|Win32
		{0463C1CE-6160-4F45-9A16-219C3C9C1566}.Debug|Any CPU.ActiveCfg = Debug|Any CPU
		{0463C1CE-6160-4F45-9A16-219C3C9C1566}.Debug|Any CPU.Build.0 = Debug|Any CPU
		{0463C1CE-6160-4F45-9A16-219C3C9C1566}.Debug|x64.ActiveCfg = Debug|Any CPU
		{0463C1CE-6160-4F45-9A16-219C3C9C1566}.Debug|x64.Build.0 = Debug|Any CPU
		{0463C1CE-6160-4F45-9A16-219C3C9C1566}.Debug|x86.ActiveCfg = Debug|Any CPU
		{0463C1CE-6160-4F45-9A16-219C3C9C1566}.Debug|x86.Build.0 = Debug|Any CPU
		{0463C1CE-6160-4F45-9A16-219C3C9C1566}.Release|Any CPU.ActiveCfg = Release|Any CPU
		{0463C1CE-6160-4F45-9A16-219C3C9C1566}.Release|Any CPU.Build.0 = Release|Any CPU
		{0463C1CE-6160-4F45-9A16-219C3C9C1566}.Release|x64.ActiveCfg = Release|Any CPU
		{0463C1CE-6160-4F45-9A16-219C3C9C1566}.Release|x64.Build.0 = Release|Any CPU
		{0463C1CE-6160-4F45-9A16-219C3C9C1566}.Release|x86.ActiveCfg = Release|Any CPU
		{0463C1CE-6160-4F45-9A16-219C3C9C1566}.Release|x86.Build.0 = Release|Any CPU
		{C1387C26-4632-4616-A659-25B99EAF5C25}.Debug|Any CPU.ActiveCfg = Debug|x64
		{C1387C26-4632-4616-A659-25B99EAF5C25}.Debug|Any CPU.Build.0 = Debug|x64
		{C1387C26-4632-4616-A659-25B99EAF5C25}.Debug|x64.ActiveCfg = Debug|x64
		{C1387C26-4632-4616-A659-25B99EAF5C25}.Debug|x64.Build.0 = Debug|x64
		{C1387C26-4632-4616-A659-25B99EAF5C25}.Debug|x86.ActiveCfg = Debug|Win32
		{C1387C26-4632-4616-A659-25B99EAF5C25}.Debug|x86.Build.0 = Debug|Win32
		{C1387C26-4632-4616-A659-25B99EAF5C25}.Release|Any CPU.ActiveCfg = Release|x64
		{C1387C26-4632-4616-A659-25B99EAF5C25}.Release|Any CPU.Build.0 = Release|x64
		{C1387C26-4632-4616-A659-25B99EAF5C25}.Release|x64.ActiveCfg = Release|x64
		{C1387C26-4632-4616-A659-25B99EAF5C25}.Release|x64.Build.0 = Release|x64
		{C1387C26-4632-4616-A659-25B99EAF5C25}.Release|x86.ActiveCfg = Release|Win32
		{C1387C26-4632-4616-A659-25B99EAF5C25}.Release|x86.Build.0 = Release|Win32
		{BD59ED64-1D15-4B34-957E-B005DECF84AD}.Debug|Any CPU.ActiveCfg = Debug|x64
		{BD59ED64-1D15-4B34-957E-B005DECF84AD}.Debug|x64.ActiveCfg = Debug|x64
		{BD59ED64-1D15-4B34-957E-B005DECF84AD}.Debug|x86.ActiveCfg = Debug|Win32
		{BD59ED64-1D15-4B34-957E-B005DECF84AD}.Release|Any CPU.ActiveCfg = Release|x64
		{BD59ED64-1D15-4B34-957E-B005DECF84AD}.Release|x64.ActiveCfg = Release|x64
		{BD59ED64-1D15-4B34-957E-B005DECF84AD}.Release|x86.ActiveCfg = Release|Win32
		{B9D36826-DFB4-4A80-ADF1-9183B48CB295}.Debug|Any CPU.ActiveCfg = Debug|Any CPU
		{B9D36826-DFB4-4A80-ADF1-9183B48CB295}.Debug|Any CPU.Build.0 = Debug|Any CPU
		{B9D36826-DFB4-4A80-ADF1-9183B48CB295}.Debug|x64.ActiveCfg = Debug|Any CPU
		{B9D36826-DFB4-4A80-ADF1-9183B48CB295}.Debug|x64.Build.0 = Debug|Any CPU
		{B9D36826-DFB4-4A80-ADF1-9183B48CB295}.Debug|x86.ActiveCfg = Debug|Any CPU
		{B9D36826-DFB4-4A80-ADF1-9183B48CB295}.Debug|x86.Build.0 = Debug|Any CPU
		{B9D36826-DFB4-4A80-ADF1-9183B48CB295}.Release|Any CPU.ActiveCfg = Release|Any CPU
		{B9D36826-DFB4-4A80-ADF1-9183B48CB295}.Release|Any CPU.Build.0 = Release|Any CPU
		{B9D36826-DFB4-4A80-ADF1-9183B48CB295}.Release|x64.ActiveCfg = Release|Any CPU
		{B9D36826-DFB4-4A80-ADF1-9183B48CB295}.Release|x64.Build.0 = Release|Any CPU
		{B9D36826-DFB4-4A80-ADF1-9183B48CB295}.Release|x86.ActiveCfg = Release|Any CPU
		{B9D36826-DFB4-4A80-ADF1-9183B48CB295}.Release|x86.Build.0 = Release|Any CPU
		{22997C43-034F-4FFD-A24B-2CB62DD818DC}.Debug|Any CPU.ActiveCfg = Debug|Any CPU
		{22997C43-034F-4FFD-A24B-2CB62DD818DC}.Debug|Any CPU.Build.0 = Debug|Any CPU
		{22997C43-034F-4FFD-A24B-2CB62DD818DC}.Debug|x64.ActiveCfg = Debug|Any CPU
		{22997C43-034F-4FFD-A24B-2CB62DD818DC}.Debug|x64.Build.0 = Debug|Any CPU
		{22997C43-034F-4FFD-A24B-2CB62DD818DC}.Debug|x86.ActiveCfg = Debug|Any CPU
		{22997C43-034F-4FFD-A24B-2CB62DD818DC}.Debug|x86.Build.0 = Debug|Any CPU
		{22997C43-034F-4FFD-A24B-2CB62DD818DC}.Release|Any CPU.ActiveCfg = Release|Any CPU
		{22997C43-034F-4FFD-A24B-2CB62DD818DC}.Release|Any CPU.Build.0 = Release|Any CPU
		{22997C43-034F-4FFD-A24B-2CB62DD818DC}.Release|x64.ActiveCfg = Release|Any CPU
		{22997C43-034F-4FFD-A24B-2CB62DD818DC}.Release|x64.Build.0 = Release|Any CPU
		{22997C43-034F-4FFD-A24B-2CB62DD818DC}.Release|x86.ActiveCfg = Release|Any CPU
		{22997C43-034F-4FFD-A24B-2CB62DD818DC}.Release|x86.Build.0 = Release|Any CPU
	EndGlobalSection
	GlobalSection(SolutionProperties) = preSolution
		HideSolutionNode = FALSE
	EndGlobalSection
	GlobalSection(NestedProjects) = preSolution
		{BFBF5462-A355-4A6B-8E20-C451438C3291} = {2A59A42C-E3C4-4571-9EC7-5D6F76BBBC26}
		{E4D6A8A1-75E8-41FC-9DF7-229D8449BBDA} = {89D1978B-C159-4FB1-A2B5-A2D32B204FE7}
		{2EBC9D5A-7C60-49B1-8B6E-77826040B254} = {89D1978B-C159-4FB1-A2B5-A2D32B204FE7}
		{0463C1CE-6160-4F45-9A16-219C3C9C1566} = {B5E545E0-B9F5-4258-B629-65773A5C7728}
		{C1387C26-4632-4616-A659-25B99EAF5C25} = {6C98E39D-9330-491A-B61E-9BD470F5672A}
		{BD59ED64-1D15-4B34-957E-B005DECF84AD} = {6C98E39D-9330-491A-B61E-9BD470F5672A}
		{B9D36826-DFB4-4A80-ADF1-9183B48CB295} = {6C98E39D-9330-491A-B61E-9BD470F5672A}
		{22997C43-034F-4FFD-A24B-2CB62DD818DC} = {17DE5261-AEE9-4F02-A598-972828D87851}
	EndGlobalSection
	GlobalSection(ExtensibilityGlobals) = postSolution
		SolutionGuid = {31CA16B2-51D4-4B15-8E1C-3476DFE9534B}
	EndGlobalSection
EndGlobal
